
Microsoft Visual Studio Solution File, Format Version 12.00
# Visual Studio Version 16
VisualStudioVersion = 16.6.30114.105
MinimumVisualStudioVersion = 10.0.40219.1
Project("{9A19103F-16F7-4668-BE54-9A1E7A4F7556}") = "build", "build\build.csproj", "{19DDF9A5-292B-49FE-9DEE-DAFD1F5D5ECD}"
EndProject
Project("{FAE04EC0-301F-11D3-BF4B-00C04F79EFBC}") = "mxwlf.validation", "src\mxwlf.validation\mxwlf.validation.csproj", "{D9FA5E8D-3924-4FDE-9BD1-6449EED3968A}"
EndProject
Global
	GlobalSection(SolutionConfigurationPlatforms) = preSolution
		Debug|Any CPU = Debug|Any CPU
		Debug|x64 = Debug|x64
		Debug|x86 = Debug|x86
		Release|Any CPU = Release|Any CPU
		Release|x64 = Release|x64
		Release|x86 = Release|x86
	EndGlobalSection
	GlobalSection(ProjectConfigurationPlatforms) = postSolution
		{19DDF9A5-292B-49FE-9DEE-DAFD1F5D5ECD}.Debug|Any CPU.ActiveCfg = Debug|Any CPU
		{19DDF9A5-292B-49FE-9DEE-DAFD1F5D5ECD}.Release|Any CPU.ActiveCfg = Release|Any CPU
		{D9FA5E8D-3924-4FDE-9BD1-6449EED3968A}.Debug|Any CPU.ActiveCfg = Debug|Any CPU
		{D9FA5E8D-3924-4FDE-9BD1-6449EED3968A}.Debug|Any CPU.Build.0 = Debug|Any CPU
		{D9FA5E8D-3924-4FDE-9BD1-6449EED3968A}.Debug|x64.ActiveCfg = Debug|Any CPU
		{D9FA5E8D-3924-4FDE-9BD1-6449EED3968A}.Debug|x64.Build.0 = Debug|Any CPU
		{D9FA5E8D-3924-4FDE-9BD1-6449EED3968A}.Debug|x86.ActiveCfg = Debug|Any CPU
		{D9FA5E8D-3924-4FDE-9BD1-6449EED3968A}.Debug|x86.Build.0 = Debug|Any CPU
		{D9FA5E8D-3924-4FDE-9BD1-6449EED3968A}.Release|Any CPU.ActiveCfg = Release|Any CPU
		{D9FA5E8D-3924-4FDE-9BD1-6449EED3968A}.Release|Any CPU.Build.0 = Release|Any CPU
		{D9FA5E8D-3924-4FDE-9BD1-6449EED3968A}.Release|x64.ActiveCfg = Release|Any CPU
		{D9FA5E8D-3924-4FDE-9BD1-6449EED3968A}.Release|x64.Build.0 = Release|Any CPU
		{D9FA5E8D-3924-4FDE-9BD1-6449EED3968A}.Release|x86.ActiveCfg = Release|Any CPU
		{D9FA5E8D-3924-4FDE-9BD1-6449EED3968A}.Release|x86.Build.0 = Release|Any CPU
	EndGlobalSection
	GlobalSection(SolutionProperties) = preSolution
		HideSolutionNode = FALSE
	EndGlobalSection
EndGlobal
